// !$*UTF8*$!
{
	archiveVersion = 1;
	classes = {
	};
	objectVersion = 55;
	objects = {

/* Begin PBXBuildFile section */
		195E6AD02804AEA70093AC1F /* CardViewDemoApp.swift in Sources */ = {isa = PBXBuildFile; fileRef = 195E6AC02804AEA40093AC1F /* CardViewDemoApp.swift */; };
		195E6AD12804AEA70093AC1F /* CardViewDemoApp.swift in Sources */ = {isa = PBXBuildFile; fileRef = 195E6AC02804AEA40093AC1F /* CardViewDemoApp.swift */; };
		195E6AD22804AEA70093AC1F /* ContentView.swift in Sources */ = {isa = PBXBuildFile; fileRef = 195E6AC12804AEA40093AC1F /* ContentView.swift */; };
		195E6AD32804AEA70093AC1F /* ContentView.swift in Sources */ = {isa = PBXBuildFile; fileRef = 195E6AC12804AEA40093AC1F /* ContentView.swift */; };
		195E6AD42804AEA70093AC1F /* Assets.xcassets in Resources */ = {isa = PBXBuildFile; fileRef = 195E6AC22804AEA70093AC1F /* Assets.xcassets */; };
		195E6AD52804AEA70093AC1F /* Assets.xcassets in Resources */ = {isa = PBXBuildFile; fileRef = 195E6AC22804AEA70093AC1F /* Assets.xcassets */; };
		195E6AE42804E53A0093AC1F /* Styles.swift in Sources */ = {isa = PBXBuildFile; fileRef = 195E6AE32804E53A0093AC1F /* Styles.swift */; };
		195E6AE62804ECDC0093AC1F /* AccountView.swift in Sources */ = {isa = PBXBuildFile; fileRef = 195E6AE52804ECDC0093AC1F /* AccountView.swift */; };
		1975C1722806A3FB00085873 /* HexagonView.swift in Sources */ = {isa = PBXBuildFile; fileRef = 1975C1712806A3FB00085873 /* HexagonView.swift */; };
		19F72A59280761FC00667FB1 /* BlobShape.swift in Sources */ = {isa = PBXBuildFile; fileRef = 19F72A58280761FC00667FB1 /* BlobShape.swift */; };
		19F72A5B280775C200667FB1 /* TabBar.swift in Sources */ = {isa = PBXBuildFile; fileRef = 19F72A5A280775C200667FB1 /* TabBar.swift */; };
		19F72A5D28077DD600667FB1 /* Tab.swift in Sources */ = {isa = PBXBuildFile; fileRef = 19F72A5C28077DD600667FB1 /* Tab.swift */; };
/* End PBXBuildFile section */

/* Begin PBXFileReference section */
		195E6AC02804AEA40093AC1F /* CardViewDemoApp.swift */ = {isa = PBXFileReference; lastKnownFileType = sourcecode.swift; path = CardViewDemoApp.swift; sourceTree = "<group>"; };
		195E6AC12804AEA40093AC1F /* ContentView.swift */ = {isa = PBXFileReference; lastKnownFileType = sourcecode.swift; path = ContentView.swift; sourceTree = "<group>"; };
		195E6AC22804AEA70093AC1F /* Assets.xcassets */ = {isa = PBXFileReference; lastKnownFileType = folder.assetcatalog; path = Assets.xcassets; sourceTree = "<group>"; };
		195E6AC72804AEA70093AC1F /* CardViewDemo.app */ = {isa = PBXFileReference; explicitFileType = wrapper.application; includeInIndex = 0; path = CardViewDemo.app; sourceTree = BUILT_PRODUCTS_DIR; };
		195E6ACD2804AEA70093AC1F /* CardViewDemo.app */ = {isa = PBXFileReference; explicitFileType = wrapper.application; includeInIndex = 0; path = CardViewDemo.app; sourceTree = BUILT_PRODUCTS_DIR; };
		195E6ACF2804AEA70093AC1F /* macOS.entitlements */ = {isa = PBXFileReference; lastKnownFileType = text.plist.entitlements; path = macOS.entitlements; sourceTree = "<group>"; };
		195E6AE32804E53A0093AC1F /* Styles.swift */ = {isa = PBXFileReference; lastKnownFileType = sourcecode.swift; path = Styles.swift; sourceTree = "<group>"; };
		195E6AE52804ECDC0093AC1F /* AccountView.swift */ = {isa = PBXFileReference; lastKnownFileType = sourcecode.swift; path = AccountView.swift; sourceTree = "<group>"; };
		1975C1712806A3FB00085873 /* HexagonView.swift */ = {isa = PBXFileReference; lastKnownFileType = sourcecode.swift; path = HexagonView.swift; sourceTree = "<group>"; };
		19F72A58280761FC00667FB1 /* BlobShape.swift */ = {isa = PBXFileReference; lastKnownFileType = sourcecode.swift; path = BlobShape.swift; sourceTree = "<group>"; };
		19F72A5A280775C200667FB1 /* TabBar.swift */ = {isa = PBXFileReference; lastKnownFileType = sourcecode.swift; path = TabBar.swift; sourceTree = "<group>"; };
		19F72A5C28077DD600667FB1 /* Tab.swift */ = {isa = PBXFileReference; lastKnownFileType = sourcecode.swift; path = Tab.swift; sourceTree = "<group>"; };
/* End PBXFileReference section */

/* Begin PBXFrameworksBuildPhase section */
		195E6AC42804AEA70093AC1F /* Frameworks */ = {
			isa = PBXFrameworksBuildPhase;
			buildActionMask = 2147483647;
			files = (
			);
			runOnlyForDeploymentPostprocessing = 0;
		};
		195E6ACA2804AEA70093AC1F /* Frameworks */ = {
			isa = PBXFrameworksBuildPhase;
			buildActionMask = 2147483647;
			files = (
			);
			runOnlyForDeploymentPostprocessing = 0;
		};
/* End PBXFrameworksBuildPhase section */

/* Begin PBXGroup section */
		195E6ABA2804AEA40093AC1F = {
			isa = PBXGroup;
			children = (
				19F72A5C28077DD600667FB1 /* Tab.swift */,
				19F72A5A280775C200667FB1 /* TabBar.swift */,
				195E6ADE2804E4F50093AC1F /* Adicionales */,
				195E6ABF2804AEA40093AC1F /* Shared */,
				195E6ACE2804AEA70093AC1F /* macOS */,
				195E6AC82804AEA70093AC1F /* Products */,
			);
			sourceTree = "<group>";
		};
		195E6ABF2804AEA40093AC1F /* Shared */ = {
			isa = PBXGroup;
			children = (
				195E6AC02804AEA40093AC1F /* CardViewDemoApp.swift */,
				195E6AC12804AEA40093AC1F /* ContentView.swift */,
				195E6AC22804AEA70093AC1F /* Assets.xcassets */,
			);
			path = Shared;
			sourceTree = "<group>";
		};
		195E6AC82804AEA70093AC1F /* Products */ = {
			isa = PBXGroup;
			children = (
				195E6AC72804AEA70093AC1F /* CardViewDemo.app */,
				195E6ACD2804AEA70093AC1F /* CardViewDemo.app */,
			);
			name = Products;
			sourceTree = "<group>";
		};
		195E6ACE2804AEA70093AC1F /* macOS */ = {
			isa = PBXGroup;
			children = (
				195E6ACF2804AEA70093AC1F /* macOS.entitlements */,
			);
			path = macOS;
			sourceTree = "<group>";
		};
		195E6ADE2804E4F50093AC1F /* Adicionales */ = {
			isa = PBXGroup;
			children = (
				195E6AE32804E53A0093AC1F /* Styles.swift */,
				195E6AE52804ECDC0093AC1F /* AccountView.swift */,
				1975C1712806A3FB00085873 /* HexagonView.swift */,
				19F72A58280761FC00667FB1 /* BlobShape.swift */,
			);
			path = Adicionales;
			sourceTree = "<group>";
		};
/* End PBXGroup section */

/* Begin PBXNativeTarget section */
		195E6AC62804AEA70093AC1F /* CardViewDemo (iOS) */ = {
			isa = PBXNativeTarget;
			buildConfigurationList = 195E6AD82804AEA70093AC1F /* Build configuration list for PBXNativeTarget "CardViewDemo (iOS)" */;
			buildPhases = (
				195E6AC32804AEA70093AC1F /* Sources */,
				195E6AC42804AEA70093AC1F /* Frameworks */,
				195E6AC52804AEA70093AC1F /* Resources */,
			);
			buildRules = (
			);
			dependencies = (
			);
			name = "CardViewDemo (iOS)";
			productName = "CardViewDemo (iOS)";
			productReference = 195E6AC72804AEA70093AC1F /* CardViewDemo.app */;
			productType = "com.apple.product-type.application";
		};
		195E6ACC2804AEA70093AC1F /* CardViewDemo (macOS) */ = {
			isa = PBXNativeTarget;
			buildConfigurationList = 195E6ADB2804AEA70093AC1F /* Build configuration list for PBXNativeTarget "CardViewDemo (macOS)" */;
			buildPhases = (
				195E6AC92804AEA70093AC1F /* Sources */,
				195E6ACA2804AEA70093AC1F /* Frameworks */,
				195E6ACB2804AEA70093AC1F /* Resources */,
			);
			buildRules = (
			);
			dependencies = (
			);
			name = "CardViewDemo (macOS)";
			productName = "CardViewDemo (macOS)";
			productReference = 195E6ACD2804AEA70093AC1F /* CardViewDemo.app */;
			productType = "com.apple.product-type.application";
		};
/* End PBXNativeTarget section */

/* Begin PBXProject section */
		195E6ABB2804AEA40093AC1F /* Project object */ = {
			isa = PBXProject;
			attributes = {
				BuildIndependentTargetsInParallel = 1;
				LastSwiftUpdateCheck = 1330;
				LastUpgradeCheck = 1330;
				TargetAttributes = {
					195E6AC62804AEA70093AC1F = {
						CreatedOnToolsVersion = 13.3;
					};
					195E6ACC2804AEA70093AC1F = {
						CreatedOnToolsVersion = 13.3;
					};
				};
			};
			buildConfigurationList = 195E6ABE2804AEA40093AC1F /* Build configuration list for PBXProject "CardViewDemo" */;
			compatibilityVersion = "Xcode 13.0";
			developmentRegion = en;
			hasScannedForEncodings = 0;
			knownRegions = (
				en,
				Base,
			);
			mainGroup = 195E6ABA2804AEA40093AC1F;
			productRefGroup = 195E6AC82804AEA70093AC1F /* Products */;
			projectDirPath = "";
			projectRoot = "";
			targets = (
				195E6AC62804AEA70093AC1F /* CardViewDemo (iOS) */,
				195E6ACC2804AEA70093AC1F /* CardViewDemo (macOS) */,
			);
		};
/* End PBXProject section */

/* Begin PBXResourcesBuildPhase section */
		195E6AC52804AEA70093AC1F /* Resources */ = {
			isa = PBXResourcesBuildPhase;
			buildActionMask = 2147483647;
			files = (
				195E6AD42804AEA70093AC1F /* Assets.xcassets in Resources */,
			);
			runOnlyForDeploymentPostprocessing = 0;
		};
		195E6ACB2804AEA70093AC1F /* Resources */ = {
			isa = PBXResourcesBuildPhase;
			buildActionMask = 2147483647;
			files = (
				195E6AD52804AEA70093AC1F /* Assets.xcassets in Resources */,
			);
			runOnlyForDeploymentPostprocessing = 0;
		};
/* End PBXResourcesBuildPhase section */

/* Begin PBXSourcesBuildPhase section */
		195E6AC32804AEA70093AC1F /* Sources */ = {
			isa = PBXSourcesBuildPhase;
			buildActionMask = 2147483647;
			files = (
				195E6AE62804ECDC0093AC1F /* AccountView.swift in Sources */,
				1975C1722806A3FB00085873 /* HexagonView.swift in Sources */,
				19F72A59280761FC00667FB1 /* BlobShape.swift in Sources */,
				19F72A5D28077DD600667FB1 /* Tab.swift in Sources */,
				195E6AE42804E53A0093AC1F /* Styles.swift in Sources */,
				195E6AD22804AEA70093AC1F /* ContentView.swift in Sources */,
				195E6AD02804AEA70093AC1F /* CardViewDemoApp.swift in Sources */,
				19F72A5B280775C200667FB1 /* TabBar.swift in Sources */,
			);
			runOnlyForDeploymentPostprocessing = 0;
		};
		195E6AC92804AEA70093AC1F /* Sources */ = {
			isa = PBXSourcesBuildPhase;
			buildActionMask = 2147483647;
			files = (
				195E6AD32804AEA70093AC1F /* ContentView.swift in Sources */,
				195E6AD12804AEA70093AC1F /* CardViewDemoApp.swift in Sources */,
			);
			runOnlyForDeploymentPostprocessing = 0;
		};
/* End PBXSourcesBuildPhase section */

/* Begin XCBuildConfiguration section */
		195E6AD62804AEA70093AC1F /* Debug */ = {
			isa = XCBuildConfiguration;
			buildSettings = {
				ALWAYS_SEARCH_USER_PATHS = NO;
				CLANG_ANALYZER_NONNULL = YES;
				CLANG_ANALYZER_NUMBER_OBJECT_CONVERSION = YES_AGGRESSIVE;
				CLANG_CXX_LANGUAGE_STANDARD = "gnu++17";
				CLANG_ENABLE_MODULES = YES;
				CLANG_ENABLE_OBJC_ARC = YES;
				CLANG_ENABLE_OBJC_WEAK = YES;
				CLANG_WARN_BLOCK_CAPTURE_AUTORELEASING = YES;
				CLANG_WARN_BOOL_CONVERSION = YES;
				CLANG_WARN_COMMA = YES;
				CLANG_WARN_CONSTANT_CONVERSION = YES;
				CLANG_WARN_DEPRECATED_OBJC_IMPLEMENTATIONS = YES;
				CLANG_WARN_DIRECT_OBJC_ISA_USAGE = YES_ERROR;
				CLANG_WARN_DOCUMENTATION_COMMENTS = YES;
				CLANG_WARN_EMPTY_BODY = YES;
				CLANG_WARN_ENUM_CONVERSION = YES;
				CLANG_WARN_INFINITE_RECURSION = YES;
				CLANG_WARN_INT_CONVERSION = YES;
				CLANG_WARN_NON_LITERAL_NULL_CONVERSION = YES;
				CLANG_WARN_OBJC_IMPLICIT_RETAIN_SELF = YES;
				CLANG_WARN_OBJC_LITERAL_CONVERSION = YES;
				CLANG_WARN_OBJC_ROOT_CLASS = YES_ERROR;
				CLANG_WARN_QUOTED_INCLUDE_IN_FRAMEWORK_HEADER = YES;
				CLANG_WARN_RANGE_LOOP_ANALYSIS = YES;
				CLANG_WARN_STRICT_PROTOTYPES = YES;
				CLANG_WARN_SUSPICIOUS_MOVE = YES;
				CLANG_WARN_UNGUARDED_AVAILABILITY = YES_AGGRESSIVE;
				CLANG_WARN_UNREACHABLE_CODE = YES;
				CLANG_WARN__DUPLICATE_METHOD_MATCH = YES;
				COPY_PHASE_STRIP = NO;
				DEBUG_INFORMATION_FORMAT = dwarf;
				ENABLE_STRICT_OBJC_MSGSEND = YES;
				ENABLE_TESTABILITY = YES;
				GCC_C_LANGUAGE_STANDARD = gnu11;
				GCC_DYNAMIC_NO_PIC = NO;
				GCC_NO_COMMON_BLOCKS = YES;
				GCC_OPTIMIZATION_LEVEL = 0;
				GCC_PREPROCESSOR_DEFINITIONS = (
					"DEBUG=1",
					"$(inherited)",
				);
				GCC_WARN_64_TO_32_BIT_CONVERSION = YES;
				GCC_WARN_ABOUT_RETURN_TYPE = YES_ERROR;
				GCC_WARN_UNDECLARED_SELECTOR = YES;
				GCC_WARN_UNINITIALIZED_AUTOS = YES_AGGRESSIVE;
				GCC_WARN_UNUSED_FUNCTION = YES;
				GCC_WARN_UNUSED_VARIABLE = YES;
				MTL_ENABLE_DEBUG_INFO = INCLUDE_SOURCE;
				MTL_FAST_MATH = YES;
				ONLY_ACTIVE_ARCH = YES;
				SWIFT_ACTIVE_COMPILATION_CONDITIONS = DEBUG;
				SWIFT_OPTIMIZATION_LEVEL = "-Onone";
			};
			name = Debug;
		};
		195E6AD72804AEA70093AC1F /* Release */ = {
			isa = XCBuildConfiguration;
			buildSettings = {
				ALWAYS_SEARCH_USER_PATHS = NO;
				CLANG_ANALYZER_NONNULL = YES;
				CLANG_ANALYZER_NUMBER_OBJECT_CONVERSION = YES_AGGRESSIVE;
				CLANG_CXX_LANGUAGE_STANDARD = "gnu++17";
				CLANG_ENABLE_MODULES = YES;
				CLANG_ENABLE_OBJC_ARC = YES;
				CLANG_ENABLE_OBJC_WEAK = YES;
				CLANG_WARN_BLOCK_CAPTURE_AUTORELEASING = YES;
				CLANG_WARN_BOOL_CONVERSION = YES;
				CLANG_WARN_COMMA = YES;
				CLANG_WARN_CONSTANT_CONVERSION = YES;
				CLANG_WARN_DEPRECATED_OBJC_IMPLEMENTATIONS = YES;
				CLANG_WARN_DIRECT_OBJC_ISA_USAGE = YES_ERROR;
				CLANG_WARN_DOCUMENTATION_COMMENTS = YES;
				CLANG_WARN_EMPTY_BODY = YES;
				CLANG_WARN_ENUM_CONVERSION = YES;
				CLANG_WARN_INFINITE_RECURSION = YES;
				CLANG_WARN_INT_CONVERSION = YES;
				CLANG_WARN_NON_LITERAL_NULL_CONVERSION = YES;
				CLANG_WARN_OBJC_IMPLICIT_RETAIN_SELF = YES;
				CLANG_WARN_OBJC_LITERAL_CONVERSION = YES;
				CLANG_WARN_OBJC_ROOT_CLASS = YES_ERROR;
				CLANG_WARN_QUOTED_INCLUDE_IN_FRAMEWORK_HEADER = YES;
				CLANG_WARN_RANGE_LOOP_ANALYSIS = YES;
				CLANG_WARN_STRICT_PROTOTYPES = YES;
				CLANG_WARN_SUSPICIOUS_MOVE = YES;
				CLANG_WARN_UNGUARDED_AVAILABILITY = YES_AGGRESSIVE;
				CLANG_WARN_UNREACHABLE_CODE = YES;
				CLANG_WARN__DUPLICATE_METHOD_MATCH = YES;
				COPY_PHASE_STRIP = NO;
				DEBUG_INFORMATION_FORMAT = "dwarf-with-dsym";
				ENABLE_NS_ASSERTIONS = NO;
				ENABLE_STRICT_OBJC_MSGSEND = YES;
				GCC_C_LANGUAGE_STANDARD = gnu11;
				GCC_NO_COMMON_BLOCKS = YES;
				GCC_WARN_64_TO_32_BIT_CONVERSION = YES;
				GCC_WARN_ABOUT_RETURN_TYPE = YES_ERROR;
				GCC_WARN_UNDECLARED_SELECTOR = YES;
				GCC_WARN_UNINITIALIZED_AUTOS = YES_AGGRESSIVE;
				GCC_WARN_UNUSED_FUNCTION = YES;
				GCC_WARN_UNUSED_VARIABLE = YES;
				MTL_ENABLE_DEBUG_INFO = NO;
				MTL_FAST_MATH = YES;
				SWIFT_COMPILATION_MODE = wholemodule;
				SWIFT_OPTIMIZATION_LEVEL = "-O";
			};
			name = Release;
		};
		195E6AD92804AEA70093AC1F /* Debug */ = {
			isa = XCBuildConfiguration;
			buildSettings = {
				ASSETCATALOG_COMPILER_APPICON_NAME = AppIcon;
				ASSETCATALOG_COMPILER_GLOBAL_ACCENT_COLOR_NAME = AccentColor;
				CODE_SIGN_STYLE = Automatic;
				CURRENT_PROJECT_VERSION = 1;
				ENABLE_PREVIEWS = YES;
				GENERATE_INFOPLIST_FILE = YES;
				INFOPLIST_KEY_UIApplicationSceneManifest_Generation = YES;
				INFOPLIST_KEY_UIApplicationSupportsIndirectInputEvents = YES;
				INFOPLIST_KEY_UILaunchScreen_Generation = YES;
				INFOPLIST_KEY_UISupportedInterfaceOrientations_iPad = "UIInterfaceOrientationPortrait UIInterfaceOrientationPortraitUpsideDown UIInterfaceOrientationLandscapeLeft UIInterfaceOrientationLandscapeRight";
				INFOPLIST_KEY_UISupportedInterfaceOrientations_iPhone = "UIInterfaceOrientationPortrait UIInterfaceOrientationLandscapeLeft UIInterfaceOrientationLandscapeRight";
				IPHONEOS_DEPLOYMENT_TARGET = 15.4;
				LD_RUNPATH_SEARCH_PATHS = (
					"$(inherited)",
					"@executable_path/Frameworks",
				);
				MARKETING_VERSION = 1.0;
				PRODUCT_BUNDLE_IDENTIFIER = luchonic.CardViewDemo;
				PRODUCT_NAME = CardViewDemo;
				SDKROOT = iphoneos;
				SWIFT_EMIT_LOC_STRINGS = YES;
				SWIFT_VERSION = 5.0;
				TARGETED_DEVICE_FAMILY = "1,2";
			};
			name = Debug;
		};
		195E6ADA2804AEA70093AC1F /* Release */ = {
			isa = XCBuildConfiguration;
			buildSettings = {
				ASSETCATALOG_COMPILER_APPICON_NAME = AppIcon;
				ASSETCATALOG_COMPILER_GLOBAL_ACCENT_COLOR_NAME = AccentColor;
				CODE_SIGN_STYLE = Automatic;
				CURRENT_PROJECT_VERSION = 1;
				ENABLE_PREVIEWS = YES;
				GENERATE_INFOPLIST_FILE = YES;
				INFOPLIST_KEY_UIApplicationSceneManifest_Generation = YES;
				INFOPLIST_KEY_UIApplicationSupportsIndirectInputEvents = YES;
				INFOPLIST_KEY_UILaunchScreen_Generation = YES;
				INFOPLIST_KEY_UISupportedInterfaceOrientations_iPad = "UIInterfaceOrientationPortrait UIInterfaceOrientationPortraitUpsideDown UIInterfaceOrientationLandscapeLeft UIInterfaceOrientationLandscapeRight";
				INFOPLIST_KEY_UISupportedInterfaceOrientations_iPhone = "UIInterfaceOrientationPortrait UIInterfaceOrientationLandscapeLeft UIInterfaceOrientationLandscapeRight";
				IPHONEOS_DEPLOYMENT_TARGET = 15.4;
				LD_RUNPATH_SEARCH_PATHS = (
					"$(inherited)",
					"@executable_path/Frameworks",
				);
				MARKETING_VERSION = 1.0;
				PRODUCT_BUNDLE_IDENTIFIER = luchonic.CardViewDemo;
				PRODUCT_NAME = CardViewDemo;
				SDKROOT = iphoneos;
				SWIFT_EMIT_LOC_STRINGS = YES;
				SWIFT_VERSION = 5.0;
				TARGETED_DEVICE_FAMILY = "1,2";
				VALIDATE_PRODUCT = YES;
			};
			name = Release;
		};
		195E6ADC2804AEA70093AC1F /* Debug */ = {
			isa = XCBuildConfiguration;
			buildSettings = {
				ASSETCATALOG_COMPILER_APPICON_NAME = AppIcon;
				ASSETCATALOG_COMPILER_GLOBAL_ACCENT_COLOR_NAME = AccentColor;
				CODE_SIGN_ENTITLEMENTS = macOS/macOS.entitlements;
				CODE_SIGN_STYLE = Automatic;
				COMBINE_HIDPI_IMAGES = YES;
				CURRENT_PROJECT_VERSION = 1;
				ENABLE_PREVIEWS = YES;
				GENERATE_INFOPLIST_FILE = YES;
				INFOPLIST_KEY_NSHumanReadableCopyright = "";
				LD_RUNPATH_SEARCH_PATHS = (
					"$(inherited)",
					"@executable_path/../Frameworks",
				);
				MACOSX_DEPLOYMENT_TARGET = 12.2;
				MARKETING_VERSION = 1.0;
				PRODUCT_BUNDLE_IDENTIFIER = luchonic.CardViewDemo;
				PRODUCT_NAME = CardViewDemo;
				SDKROOT = macosx;
				SWIFT_EMIT_LOC_STRINGS = YES;
				SWIFT_VERSION = 5.0;
			};
			name = Debug;
		};
		195E6ADD2804AEA70093AC1F /* Release */ = {
			isa = XCBuildConfiguration;
			buildSettings = {
				ASSETCATALOG_COMPILER_APPICON_NAME = AppIcon;
				ASSETCATALOG_COMPILER_GLOBAL_ACCENT_COLOR_NAME = AccentColor;
				CODE_SIGN_ENTITLEMENTS = macOS/macOS.entitlements;
				CODE_SIGN_STYLE = Automatic;
				COMBINE_HIDPI_IMAGES = YES;
				CURRENT_PROJECT_VERSION = 1;
				ENABLE_PREVIEWS = YES;
				GENERATE_INFOPLIST_FILE = YES;
				INFOPLIST_KEY_NSHumanReadableCopyright = "";
				LD_RUNPATH_SEARCH_PATHS = (
					"$(inherited)",
					"@executable_path/../Frameworks",
				);
				MACOSX_DEPLOYMENT_TARGET = 12.2;
				MARKETING_VERSION = 1.0;
				PRODUCT_BUNDLE_IDENTIFIER = luchonic.CardViewDemo;
				PRODUCT_NAME = CardViewDemo;
				SDKROOT = macosx;
				SWIFT_EMIT_LOC_STRINGS = YES;
				SWIFT_VERSION = 5.0;
			};
			name = Release;
		};
/* End XCBuildConfiguration section */

/* Begin XCConfigurationList section */
		195E6ABE2804AEA40093AC1F /* Build configuration list for PBXProject "CardViewDemo" */ = {
			isa = XCConfigurationList;
			buildConfigurations = (
				195E6AD62804AEA70093AC1F /* Debug */,
				195E6AD72804AEA70093AC1F /* Release */,
			);
			defaultConfigurationIsVisible = 0;
			defaultConfigurationName = Release;
		};
		195E6AD82804AEA70093AC1F /* Build configuration list for PBXNativeTarget "CardViewDemo (iOS)" */ = {
			isa = XCConfigurationList;
			buildConfigurations = (
				195E6AD92804AEA70093AC1F /* Debug */,
				195E6ADA2804AEA70093AC1F /* Release */,
			);
			defaultConfigurationIsVisible = 0;
			defaultConfigurationName = Release;
		};
		195E6ADB2804AEA70093AC1F /* Build configuration list for PBXNativeTarget "CardViewDemo (macOS)" */ = {
			isa = XCConfigurationList;
			buildConfigurations = (
				195E6ADC2804AEA70093AC1F /* Debug */,
				195E6ADD2804AEA70093AC1F /* Release */,
			);
			defaultConfigurationIsVisible = 0;
			defaultConfigurationName = Release;
		};
/* End XCConfigurationList section */
	};
	rootObject = 195E6ABB2804AEA40093AC1F /* Project object */;
}
