// !$*UTF8*$!
{
	archiveVersion = 1;
	classes = {
	};
	objectVersion = 55;
	objects = {

/* Begin PBXBuildFile section */
		1985DD3E280DCAD600B9157E /* TabViewSampleApp.swift in Sources */ = {isa = PBXBuildFile; fileRef = 1985DD2E280DCAD300B9157E /* TabViewSampleApp.swift */; };
		1985DD3F280DCAD600B9157E /* TabViewSampleApp.swift in Sources */ = {isa = PBXBuildFile; fileRef = 1985DD2E280DCAD300B9157E /* TabViewSampleApp.swift */; };
		1985DD40280DCAD600B9157E /* ContentView.swift in Sources */ = {isa = PBXBuildFile; fileRef = 1985DD2F280DCAD300B9157E /* ContentView.swift */; };
		1985DD41280DCAD600B9157E /* ContentView.swift in Sources */ = {isa = PBXBuildFile; fileRef = 1985DD2F280DCAD300B9157E /* ContentView.swift */; };
		1985DD42280DCAD600B9157E /* Assets.xcassets in Resources */ = {isa = PBXBuildFile; fileRef = 1985DD30280DCAD600B9157E /* Assets.xcassets */; };
		1985DD43280DCAD600B9157E /* Assets.xcassets in Resources */ = {isa = PBXBuildFile; fileRef = 1985DD30280DCAD600B9157E /* Assets.xcassets */; };
		1985DD4F280DD52100B9157E /* ModelSample.swift in Sources */ = {isa = PBXBuildFile; fileRef = 1985DD4E280DD52100B9157E /* ModelSample.swift */; };
/* End PBXBuildFile section */

/* Begin PBXFileReference section */
		1985DD2E280DCAD300B9157E /* TabViewSampleApp.swift */ = {isa = PBXFileReference; lastKnownFileType = sourcecode.swift; path = TabViewSampleApp.swift; sourceTree = "<group>"; };
		1985DD2F280DCAD300B9157E /* ContentView.swift */ = {isa = PBXFileReference; lastKnownFileType = sourcecode.swift; path = ContentView.swift; sourceTree = "<group>"; };
		1985DD30280DCAD600B9157E /* Assets.xcassets */ = {isa = PBXFileReference; lastKnownFileType = folder.assetcatalog; path = Assets.xcassets; sourceTree = "<group>"; };
		1985DD35280DCAD600B9157E /* TabViewSample.app */ = {isa = PBXFileReference; explicitFileType = wrapper.application; includeInIndex = 0; path = TabViewSample.app; sourceTree = BUILT_PRODUCTS_DIR; };
		1985DD3B280DCAD600B9157E /* TabViewSample.app */ = {isa = PBXFileReference; explicitFileType = wrapper.application; includeInIndex = 0; path = TabViewSample.app; sourceTree = BUILT_PRODUCTS_DIR; };
		1985DD3D280DCAD600B9157E /* macOS.entitlements */ = {isa = PBXFileReference; lastKnownFileType = text.plist.entitlements; path = macOS.entitlements; sourceTree = "<group>"; };
		1985DD4E280DD52100B9157E /* ModelSample.swift */ = {isa = PBXFileReference; lastKnownFileType = sourcecode.swift; path = ModelSample.swift; sourceTree = "<group>"; };
/* End PBXFileReference section */

/* Begin PBXFrameworksBuildPhase section */
		1985DD32280DCAD600B9157E /* Frameworks */ = {
			isa = PBXFrameworksBuildPhase;
			buildActionMask = 2147483647;
			files = (
			);
			runOnlyForDeploymentPostprocessing = 0;
		};
		1985DD38280DCAD600B9157E /* Frameworks */ = {
			isa = PBXFrameworksBuildPhase;
			buildActionMask = 2147483647;
			files = (
			);
			runOnlyForDeploymentPostprocessing = 0;
		};
/* End PBXFrameworksBuildPhase section */

/* Begin PBXGroup section */
		1985DD28280DCAD300B9157E = {
			isa = PBXGroup;
			children = (
				1985DD4D280DD4EF00B9157E /* Views */,
				1985DD4C280DD4E500B9157E /* Model */,
				1985DD2D280DCAD300B9157E /* Shared */,
				1985DD3C280DCAD600B9157E /* macOS */,
				1985DD36280DCAD600B9157E /* Products */,
			);
			sourceTree = "<group>";
		};
		1985DD2D280DCAD300B9157E /* Shared */ = {
			isa = PBXGroup;
			children = (
				1985DD2E280DCAD300B9157E /* TabViewSampleApp.swift */,
				1985DD30280DCAD600B9157E /* Assets.xcassets */,
			);
			path = Shared;
			sourceTree = "<group>";
		};
		1985DD36280DCAD600B9157E /* Products */ = {
			isa = PBXGroup;
			children = (
				1985DD35280DCAD600B9157E /* TabViewSample.app */,
				1985DD3B280DCAD600B9157E /* TabViewSample.app */,
			);
			name = Products;
			sourceTree = "<group>";
		};
		1985DD3C280DCAD600B9157E /* macOS */ = {
			isa = PBXGroup;
			children = (
				1985DD3D280DCAD600B9157E /* macOS.entitlements */,
			);
			path = macOS;
			sourceTree = "<group>";
		};
		1985DD4C280DD4E500B9157E /* Model */ = {
			isa = PBXGroup;
			children = (
				1985DD4E280DD52100B9157E /* ModelSample.swift */,
			);
			path = Model;
			sourceTree = "<group>";
		};
		1985DD4D280DD4EF00B9157E /* Views */ = {
			isa = PBXGroup;
			children = (
				1985DD2F280DCAD300B9157E /* ContentView.swift */,
			);
			path = Views;
			sourceTree = "<group>";
		};
/* End PBXGroup section */

/* Begin PBXNativeTarget section */
		1985DD34280DCAD600B9157E /* TabViewSample (iOS) */ = {
			isa = PBXNativeTarget;
			buildConfigurationList = 1985DD46280DCAD600B9157E /* Build configuration list for PBXNativeTarget "TabViewSample (iOS)" */;
			buildPhases = (
				1985DD31280DCAD600B9157E /* Sources */,
				1985DD32280DCAD600B9157E /* Frameworks */,
				1985DD33280DCAD600B9157E /* Resources */,
			);
			buildRules = (
			);
			dependencies = (
			);
			name = "TabViewSample (iOS)";
			productName = "TabViewSample (iOS)";
			productReference = 1985DD35280DCAD600B9157E /* TabViewSample.app */;
			productType = "com.apple.product-type.application";
		};
		1985DD3A280DCAD600B9157E /* TabViewSample (macOS) */ = {
			isa = PBXNativeTarget;
			buildConfigurationList = 1985DD49280DCAD600B9157E /* Build configuration list for PBXNativeTarget "TabViewSample (macOS)" */;
			buildPhases = (
				1985DD37280DCAD600B9157E /* Sources */,
				1985DD38280DCAD600B9157E /* Frameworks */,
				1985DD39280DCAD600B9157E /* Resources */,
			);
			buildRules = (
			);
			dependencies = (
			);
			name = "TabViewSample (macOS)";
			productName = "TabViewSample (macOS)";
			productReference = 1985DD3B280DCAD600B9157E /* TabViewSample.app */;
			productType = "com.apple.product-type.application";
		};
/* End PBXNativeTarget section */

/* Begin PBXProject section */
		1985DD29280DCAD300B9157E /* Project object */ = {
			isa = PBXProject;
			attributes = {
				BuildIndependentTargetsInParallel = 1;
				LastSwiftUpdateCheck = 1330;
				LastUpgradeCheck = 1330;
				TargetAttributes = {
					1985DD34280DCAD600B9157E = {
						CreatedOnToolsVersion = 13.3;
					};
					1985DD3A280DCAD600B9157E = {
						CreatedOnToolsVersion = 13.3;
					};
				};
			};
			buildConfigurationList = 1985DD2C280DCAD300B9157E /* Build configuration list for PBXProject "TabViewSample" */;
			compatibilityVersion = "Xcode 13.0";
			developmentRegion = en;
			hasScannedForEncodings = 0;
			knownRegions = (
				en,
				Base,
			);
			mainGroup = 1985DD28280DCAD300B9157E;
			productRefGroup = 1985DD36280DCAD600B9157E /* Products */;
			projectDirPath = "";
			projectRoot = "";
			targets = (
				1985DD34280DCAD600B9157E /* TabViewSample (iOS) */,
				1985DD3A280DCAD600B9157E /* TabViewSample (macOS) */,
			);
		};
/* End PBXProject section */

/* Begin PBXResourcesBuildPhase section */
		1985DD33280DCAD600B9157E /* Resources */ = {
			isa = PBXResourcesBuildPhase;
			buildActionMask = 2147483647;
			files = (
				1985DD42280DCAD600B9157E /* Assets.xcassets in Resources */,
			);
			runOnlyForDeploymentPostprocessing = 0;
		};
		1985DD39280DCAD600B9157E /* Resources */ = {
			isa = PBXResourcesBuildPhase;
			buildActionMask = 2147483647;
			files = (
				1985DD43280DCAD600B9157E /* Assets.xcassets in Resources */,
			);
			runOnlyForDeploymentPostprocessing = 0;
		};
/* End PBXResourcesBuildPhase section */

/* Begin PBXSourcesBuildPhase section */
		1985DD31280DCAD600B9157E /* Sources */ = {
			isa = PBXSourcesBuildPhase;
			buildActionMask = 2147483647;
			files = (
				1985DD40280DCAD600B9157E /* ContentView.swift in Sources */,
				1985DD4F280DD52100B9157E /* ModelSample.swift in Sources */,
				1985DD3E280DCAD600B9157E /* TabViewSampleApp.swift in Sources */,
			);
			runOnlyForDeploymentPostprocessing = 0;
		};
		1985DD37280DCAD600B9157E /* Sources */ = {
			isa = PBXSourcesBuildPhase;
			buildActionMask = 2147483647;
			files = (
				1985DD41280DCAD600B9157E /* ContentView.swift in Sources */,
				1985DD3F280DCAD600B9157E /* TabViewSampleApp.swift in Sources */,
			);
			runOnlyForDeploymentPostprocessing = 0;
		};
/* End PBXSourcesBuildPhase section */

/* Begin XCBuildConfiguration section */
		1985DD44280DCAD600B9157E /* Debug */ = {
			isa = XCBuildConfiguration;
			buildSettings = {
				ALWAYS_SEARCH_USER_PATHS = NO;
				CLANG_ANALYZER_NONNULL = YES;
				CLANG_ANALYZER_NUMBER_OBJECT_CONVERSION = YES_AGGRESSIVE;
				CLANG_CXX_LANGUAGE_STANDARD = "gnu++17";
				CLANG_ENABLE_MODULES = YES;
				CLANG_ENABLE_OBJC_ARC = YES;
				CLANG_ENABLE_OBJC_WEAK = YES;
				CLANG_WARN_BLOCK_CAPTURE_AUTORELEASING = YES;
				CLANG_WARN_BOOL_CONVERSION = YES;
				CLANG_WARN_COMMA = YES;
				CLANG_WARN_CONSTANT_CONVERSION = YES;
				CLANG_WARN_DEPRECATED_OBJC_IMPLEMENTATIONS = YES;
				CLANG_WARN_DIRECT_OBJC_ISA_USAGE = YES_ERROR;
				CLANG_WARN_DOCUMENTATION_COMMENTS = YES;
				CLANG_WARN_EMPTY_BODY = YES;
				CLANG_WARN_ENUM_CONVERSION = YES;
				CLANG_WARN_INFINITE_RECURSION = YES;
				CLANG_WARN_INT_CONVERSION = YES;
				CLANG_WARN_NON_LITERAL_NULL_CONVERSION = YES;
				CLANG_WARN_OBJC_IMPLICIT_RETAIN_SELF = YES;
				CLANG_WARN_OBJC_LITERAL_CONVERSION = YES;
				CLANG_WARN_OBJC_ROOT_CLASS = YES_ERROR;
				CLANG_WARN_QUOTED_INCLUDE_IN_FRAMEWORK_HEADER = YES;
				CLANG_WARN_RANGE_LOOP_ANALYSIS = YES;
				CLANG_WARN_STRICT_PROTOTYPES = YES;
				CLANG_WARN_SUSPICIOUS_MOVE = YES;
				CLANG_WARN_UNGUARDED_AVAILABILITY = YES_AGGRESSIVE;
				CLANG_WARN_UNREACHABLE_CODE = YES;
				CLANG_WARN__DUPLICATE_METHOD_MATCH = YES;
				COPY_PHASE_STRIP = NO;
				DEBUG_INFORMATION_FORMAT = dwarf;
				ENABLE_STRICT_OBJC_MSGSEND = YES;
				ENABLE_TESTABILITY = YES;
				GCC_C_LANGUAGE_STANDARD = gnu11;
				GCC_DYNAMIC_NO_PIC = NO;
				GCC_NO_COMMON_BLOCKS = YES;
				GCC_OPTIMIZATION_LEVEL = 0;
				GCC_PREPROCESSOR_DEFINITIONS = (
					"DEBUG=1",
					"$(inherited)",
				);
				GCC_WARN_64_TO_32_BIT_CONVERSION = YES;
				GCC_WARN_ABOUT_RETURN_TYPE = YES_ERROR;
				GCC_WARN_UNDECLARED_SELECTOR = YES;
				GCC_WARN_UNINITIALIZED_AUTOS = YES_AGGRESSIVE;
				GCC_WARN_UNUSED_FUNCTION = YES;
				GCC_WARN_UNUSED_VARIABLE = YES;
				MTL_ENABLE_DEBUG_INFO = INCLUDE_SOURCE;
				MTL_FAST_MATH = YES;
				ONLY_ACTIVE_ARCH = YES;
				SWIFT_ACTIVE_COMPILATION_CONDITIONS = DEBUG;
				SWIFT_OPTIMIZATION_LEVEL = "-Onone";
			};
			name = Debug;
		};
		1985DD45280DCAD600B9157E /* Release */ = {
			isa = XCBuildConfiguration;
			buildSettings = {
				ALWAYS_SEARCH_USER_PATHS = NO;
				CLANG_ANALYZER_NONNULL = YES;
				CLANG_ANALYZER_NUMBER_OBJECT_CONVERSION = YES_AGGRESSIVE;
				CLANG_CXX_LANGUAGE_STANDARD = "gnu++17";
				CLANG_ENABLE_MODULES = YES;
				CLANG_ENABLE_OBJC_ARC = YES;
				CLANG_ENABLE_OBJC_WEAK = YES;
				CLANG_WARN_BLOCK_CAPTURE_AUTORELEASING = YES;
				CLANG_WARN_BOOL_CONVERSION = YES;
				CLANG_WARN_COMMA = YES;
				CLANG_WARN_CONSTANT_CONVERSION = YES;
				CLANG_WARN_DEPRECATED_OBJC_IMPLEMENTATIONS = YES;
				CLANG_WARN_DIRECT_OBJC_ISA_USAGE = YES_ERROR;
				CLANG_WARN_DOCUMENTATION_COMMENTS = YES;
				CLANG_WARN_EMPTY_BODY = YES;
				CLANG_WARN_ENUM_CONVERSION = YES;
				CLANG_WARN_INFINITE_RECURSION = YES;
				CLANG_WARN_INT_CONVERSION = YES;
				CLANG_WARN_NON_LITERAL_NULL_CONVERSION = YES;
				CLANG_WARN_OBJC_IMPLICIT_RETAIN_SELF = YES;
				CLANG_WARN_OBJC_LITERAL_CONVERSION = YES;
				CLANG_WARN_OBJC_ROOT_CLASS = YES_ERROR;
				CLANG_WARN_QUOTED_INCLUDE_IN_FRAMEWORK_HEADER = YES;
				CLANG_WARN_RANGE_LOOP_ANALYSIS = YES;
				CLANG_WARN_STRICT_PROTOTYPES = YES;
				CLANG_WARN_SUSPICIOUS_MOVE = YES;
				CLANG_WARN_UNGUARDED_AVAILABILITY = YES_AGGRESSIVE;
				CLANG_WARN_UNREACHABLE_CODE = YES;
				CLANG_WARN__DUPLICATE_METHOD_MATCH = YES;
				COPY_PHASE_STRIP = NO;
				DEBUG_INFORMATION_FORMAT = "dwarf-with-dsym";
				ENABLE_NS_ASSERTIONS = NO;
				ENABLE_STRICT_OBJC_MSGSEND = YES;
				GCC_C_LANGUAGE_STANDARD = gnu11;
				GCC_NO_COMMON_BLOCKS = YES;
				GCC_WARN_64_TO_32_BIT_CONVERSION = YES;
				GCC_WARN_ABOUT_RETURN_TYPE = YES_ERROR;
				GCC_WARN_UNDECLARED_SELECTOR = YES;
				GCC_WARN_UNINITIALIZED_AUTOS = YES_AGGRESSIVE;
				GCC_WARN_UNUSED_FUNCTION = YES;
				GCC_WARN_UNUSED_VARIABLE = YES;
				MTL_ENABLE_DEBUG_INFO = NO;
				MTL_FAST_MATH = YES;
				SWIFT_COMPILATION_MODE = wholemodule;
				SWIFT_OPTIMIZATION_LEVEL = "-O";
			};
			name = Release;
		};
		1985DD47280DCAD600B9157E /* Debug */ = {
			isa = XCBuildConfiguration;
			buildSettings = {
				ASSETCATALOG_COMPILER_APPICON_NAME = AppIcon;
				ASSETCATALOG_COMPILER_GLOBAL_ACCENT_COLOR_NAME = AccentColor;
				CODE_SIGN_STYLE = Automatic;
				CURRENT_PROJECT_VERSION = 1;
				ENABLE_PREVIEWS = YES;
				GENERATE_INFOPLIST_FILE = YES;
				INFOPLIST_KEY_UIApplicationSceneManifest_Generation = YES;
				INFOPLIST_KEY_UIApplicationSupportsIndirectInputEvents = YES;
				INFOPLIST_KEY_UILaunchScreen_Generation = YES;
				INFOPLIST_KEY_UISupportedInterfaceOrientations_iPad = "UIInterfaceOrientationPortrait UIInterfaceOrientationPortraitUpsideDown UIInterfaceOrientationLandscapeLeft UIInterfaceOrientationLandscapeRight";
				INFOPLIST_KEY_UISupportedInterfaceOrientations_iPhone = "UIInterfaceOrientationPortrait UIInterfaceOrientationLandscapeLeft UIInterfaceOrientationLandscapeRight";
				IPHONEOS_DEPLOYMENT_TARGET = 15.4;
				LD_RUNPATH_SEARCH_PATHS = (
					"$(inherited)",
					"@executable_path/Frameworks",
				);
				MARKETING_VERSION = 1.0;
				PRODUCT_BUNDLE_IDENTIFIER = luchonic.TabViewSample;
				PRODUCT_NAME = TabViewSample;
				SDKROOT = iphoneos;
				SWIFT_EMIT_LOC_STRINGS = YES;
				SWIFT_VERSION = 5.0;
				TARGETED_DEVICE_FAMILY = "1,2";
			};
			name = Debug;
		};
		1985DD48280DCAD600B9157E /* Release */ = {
			isa = XCBuildConfiguration;
			buildSettings = {
				ASSETCATALOG_COMPILER_APPICON_NAME = AppIcon;
				ASSETCATALOG_COMPILER_GLOBAL_ACCENT_COLOR_NAME = AccentColor;
				CODE_SIGN_STYLE = Automatic;
				CURRENT_PROJECT_VERSION = 1;
				ENABLE_PREVIEWS = YES;
				GENERATE_INFOPLIST_FILE = YES;
				INFOPLIST_KEY_UIApplicationSceneManifest_Generation = YES;
				INFOPLIST_KEY_UIApplicationSupportsIndirectInputEvents = YES;
				INFOPLIST_KEY_UILaunchScreen_Generation = YES;
				INFOPLIST_KEY_UISupportedInterfaceOrientations_iPad = "UIInterfaceOrientationPortrait UIInterfaceOrientationPortraitUpsideDown UIInterfaceOrientationLandscapeLeft UIInterfaceOrientationLandscapeRight";
				INFOPLIST_KEY_UISupportedInterfaceOrientations_iPhone = "UIInterfaceOrientationPortrait UIInterfaceOrientationLandscapeLeft UIInterfaceOrientationLandscapeRight";
				IPHONEOS_DEPLOYMENT_TARGET = 15.4;
				LD_RUNPATH_SEARCH_PATHS = (
					"$(inherited)",
					"@executable_path/Frameworks",
				);
				MARKETING_VERSION = 1.0;
				PRODUCT_BUNDLE_IDENTIFIER = luchonic.TabViewSample;
				PRODUCT_NAME = TabViewSample;
				SDKROOT = iphoneos;
				SWIFT_EMIT_LOC_STRINGS = YES;
				SWIFT_VERSION = 5.0;
				TARGETED_DEVICE_FAMILY = "1,2";
				VALIDATE_PRODUCT = YES;
			};
			name = Release;
		};
		1985DD4A280DCAD600B9157E /* Debug */ = {
			isa = XCBuildConfiguration;
			buildSettings = {
				ASSETCATALOG_COMPILER_APPICON_NAME = AppIcon;
				ASSETCATALOG_COMPILER_GLOBAL_ACCENT_COLOR_NAME = AccentColor;
				CODE_SIGN_ENTITLEMENTS = macOS/macOS.entitlements;
				CODE_SIGN_STYLE = Automatic;
				COMBINE_HIDPI_IMAGES = YES;
				CURRENT_PROJECT_VERSION = 1;
				ENABLE_PREVIEWS = YES;
				GENERATE_INFOPLIST_FILE = YES;
				INFOPLIST_KEY_NSHumanReadableCopyright = "";
				LD_RUNPATH_SEARCH_PATHS = (
					"$(inherited)",
					"@executable_path/../Frameworks",
				);
				MACOSX_DEPLOYMENT_TARGET = 12.3;
				MARKETING_VERSION = 1.0;
				PRODUCT_BUNDLE_IDENTIFIER = luchonic.TabViewSample;
				PRODUCT_NAME = TabViewSample;
				SDKROOT = macosx;
				SWIFT_EMIT_LOC_STRINGS = YES;
				SWIFT_VERSION = 5.0;
			};
			name = Debug;
		};
		1985DD4B280DCAD600B9157E /* Release */ = {
			isa = XCBuildConfiguration;
			buildSettings = {
				ASSETCATALOG_COMPILER_APPICON_NAME = AppIcon;
				ASSETCATALOG_COMPILER_GLOBAL_ACCENT_COLOR_NAME = AccentColor;
				CODE_SIGN_ENTITLEMENTS = macOS/macOS.entitlements;
				CODE_SIGN_STYLE = Automatic;
				COMBINE_HIDPI_IMAGES = YES;
				CURRENT_PROJECT_VERSION = 1;
				ENABLE_PREVIEWS = YES;
				GENERATE_INFOPLIST_FILE = YES;
				INFOPLIST_KEY_NSHumanReadableCopyright = "";
				LD_RUNPATH_SEARCH_PATHS = (
					"$(inherited)",
					"@executable_path/../Frameworks",
				);
				MACOSX_DEPLOYMENT_TARGET = 12.3;
				MARKETING_VERSION = 1.0;
				PRODUCT_BUNDLE_IDENTIFIER = luchonic.TabViewSample;
				PRODUCT_NAME = TabViewSample;
				SDKROOT = macosx;
				SWIFT_EMIT_LOC_STRINGS = YES;
				SWIFT_VERSION = 5.0;
			};
			name = Release;
		};
/* End XCBuildConfiguration section */

/* Begin XCConfigurationList section */
		1985DD2C280DCAD300B9157E /* Build configuration list for PBXProject "TabViewSample" */ = {
			isa = XCConfigurationList;
			buildConfigurations = (
				1985DD44280DCAD600B9157E /* Debug */,
				1985DD45280DCAD600B9157E /* Release */,
			);
			defaultConfigurationIsVisible = 0;
			defaultConfigurationName = Release;
		};
		1985DD46280DCAD600B9157E /* Build configuration list for PBXNativeTarget "TabViewSample (iOS)" */ = {
			isa = XCConfigurationList;
			buildConfigurations = (
				1985DD47280DCAD600B9157E /* Debug */,
				1985DD48280DCAD600B9157E /* Release */,
			);
			defaultConfigurationIsVisible = 0;
			defaultConfigurationName = Release;
		};
		1985DD49280DCAD600B9157E /* Build configuration list for PBXNativeTarget "TabViewSample (macOS)" */ = {
			isa = XCConfigurationList;
			buildConfigurations = (
				1985DD4A280DCAD600B9157E /* Debug */,
				1985DD4B280DCAD600B9157E /* Release */,
			);
			defaultConfigurationIsVisible = 0;
			defaultConfigurationName = Release;
		};
/* End XCConfigurationList section */
	};
	rootObject = 1985DD29280DCAD300B9157E /* Project object */;
}
