// !$*UTF8*$!
{
	archiveVersion = 1;
	classes = {
	};
	objectVersion = 55;
	objects = {

/* Begin PBXBuildFile section */
		198CE3092800BEEC00DAB964 /* SliderDemoApp.swift in Sources */ = {isa = PBXBuildFile; fileRef = 198CE2F92800BEE800DAB964 /* SliderDemoApp.swift */; };
		198CE30A2800BEEC00DAB964 /* SliderDemoApp.swift in Sources */ = {isa = PBXBuildFile; fileRef = 198CE2F92800BEE800DAB964 /* SliderDemoApp.swift */; };
		198CE30B2800BEEC00DAB964 /* ContentView.swift in Sources */ = {isa = PBXBuildFile; fileRef = 198CE2FA2800BEE800DAB964 /* ContentView.swift */; };
		198CE30D2800BEEC00DAB964 /* Assets.xcassets in Resources */ = {isa = PBXBuildFile; fileRef = 198CE2FB2800BEEC00DAB964 /* Assets.xcassets */; };
		198CE30E2800BEEC00DAB964 /* Assets.xcassets in Resources */ = {isa = PBXBuildFile; fileRef = 198CE2FB2800BEEC00DAB964 /* Assets.xcassets */; };
		198CE3192800BFB600DAB964 /* PageModel.swift in Sources */ = {isa = PBXBuildFile; fileRef = 198CE3182800BFB600DAB964 /* PageModel.swift */; };
		198CE31C2800C2E200DAB964 /* PageView.swift in Sources */ = {isa = PBXBuildFile; fileRef = 198CE31B2800C2E200DAB964 /* PageView.swift */; };
/* End PBXBuildFile section */

/* Begin PBXFileReference section */
		198CE2F92800BEE800DAB964 /* SliderDemoApp.swift */ = {isa = PBXFileReference; lastKnownFileType = sourcecode.swift; path = SliderDemoApp.swift; sourceTree = "<group>"; };
		198CE2FA2800BEE800DAB964 /* ContentView.swift */ = {isa = PBXFileReference; lastKnownFileType = sourcecode.swift; path = ContentView.swift; sourceTree = "<group>"; };
		198CE2FB2800BEEC00DAB964 /* Assets.xcassets */ = {isa = PBXFileReference; lastKnownFileType = folder.assetcatalog; path = Assets.xcassets; sourceTree = "<group>"; };
		198CE3002800BEEC00DAB964 /* SliderDemo.app */ = {isa = PBXFileReference; explicitFileType = wrapper.application; includeInIndex = 0; path = SliderDemo.app; sourceTree = BUILT_PRODUCTS_DIR; };
		198CE3062800BEEC00DAB964 /* SliderDemo.app */ = {isa = PBXFileReference; explicitFileType = wrapper.application; includeInIndex = 0; path = SliderDemo.app; sourceTree = BUILT_PRODUCTS_DIR; };
		198CE3082800BEEC00DAB964 /* macOS.entitlements */ = {isa = PBXFileReference; lastKnownFileType = text.plist.entitlements; path = macOS.entitlements; sourceTree = "<group>"; };
		198CE3182800BFB600DAB964 /* PageModel.swift */ = {isa = PBXFileReference; lastKnownFileType = sourcecode.swift; path = PageModel.swift; sourceTree = "<group>"; };
		198CE31B2800C2E200DAB964 /* PageView.swift */ = {isa = PBXFileReference; lastKnownFileType = sourcecode.swift; path = PageView.swift; sourceTree = "<group>"; };
/* End PBXFileReference section */

/* Begin PBXFrameworksBuildPhase section */
		198CE2FD2800BEEC00DAB964 /* Frameworks */ = {
			isa = PBXFrameworksBuildPhase;
			buildActionMask = 2147483647;
			files = (
			);
			runOnlyForDeploymentPostprocessing = 0;
		};
		198CE3032800BEEC00DAB964 /* Frameworks */ = {
			isa = PBXFrameworksBuildPhase;
			buildActionMask = 2147483647;
			files = (
			);
			runOnlyForDeploymentPostprocessing = 0;
		};
/* End PBXFrameworksBuildPhase section */

/* Begin PBXGroup section */
		198CE2F32800BEE700DAB964 = {
			isa = PBXGroup;
			children = (
				198CE31A2800C2C800DAB964 /* Views */,
				198CE3172800BFA400DAB964 /* Components */,
				198CE2F82800BEE800DAB964 /* Shared */,
				198CE3072800BEEC00DAB964 /* macOS */,
				198CE3012800BEEC00DAB964 /* Products */,
			);
			sourceTree = "<group>";
		};
		198CE2F82800BEE800DAB964 /* Shared */ = {
			isa = PBXGroup;
			children = (
				198CE2F92800BEE800DAB964 /* SliderDemoApp.swift */,
				198CE2FB2800BEEC00DAB964 /* Assets.xcassets */,
			);
			path = Shared;
			sourceTree = "<group>";
		};
		198CE3012800BEEC00DAB964 /* Products */ = {
			isa = PBXGroup;
			children = (
				198CE3002800BEEC00DAB964 /* SliderDemo.app */,
				198CE3062800BEEC00DAB964 /* SliderDemo.app */,
			);
			name = Products;
			sourceTree = "<group>";
		};
		198CE3072800BEEC00DAB964 /* macOS */ = {
			isa = PBXGroup;
			children = (
				198CE3082800BEEC00DAB964 /* macOS.entitlements */,
			);
			path = macOS;
			sourceTree = "<group>";
		};
		198CE3172800BFA400DAB964 /* Components */ = {
			isa = PBXGroup;
			children = (
				198CE3182800BFB600DAB964 /* PageModel.swift */,
			);
			path = Components;
			sourceTree = "<group>";
		};
		198CE31A2800C2C800DAB964 /* Views */ = {
			isa = PBXGroup;
			children = (
				198CE31B2800C2E200DAB964 /* PageView.swift */,
				198CE2FA2800BEE800DAB964 /* ContentView.swift */,
			);
			path = Views;
			sourceTree = "<group>";
		};
/* End PBXGroup section */

/* Begin PBXNativeTarget section */
		198CE2FF2800BEEC00DAB964 /* SliderDemo (iOS) */ = {
			isa = PBXNativeTarget;
			buildConfigurationList = 198CE3112800BEEC00DAB964 /* Build configuration list for PBXNativeTarget "SliderDemo (iOS)" */;
			buildPhases = (
				198CE2FC2800BEEC00DAB964 /* Sources */,
				198CE2FD2800BEEC00DAB964 /* Frameworks */,
				198CE2FE2800BEEC00DAB964 /* Resources */,
			);
			buildRules = (
			);
			dependencies = (
			);
			name = "SliderDemo (iOS)";
			productName = "SliderDemo (iOS)";
			productReference = 198CE3002800BEEC00DAB964 /* SliderDemo.app */;
			productType = "com.apple.product-type.application";
		};
		198CE3052800BEEC00DAB964 /* SliderDemo (macOS) */ = {
			isa = PBXNativeTarget;
			buildConfigurationList = 198CE3142800BEEC00DAB964 /* Build configuration list for PBXNativeTarget "SliderDemo (macOS)" */;
			buildPhases = (
				198CE3022800BEEC00DAB964 /* Sources */,
				198CE3032800BEEC00DAB964 /* Frameworks */,
				198CE3042800BEEC00DAB964 /* Resources */,
			);
			buildRules = (
			);
			dependencies = (
			);
			name = "SliderDemo (macOS)";
			productName = "SliderDemo (macOS)";
			productReference = 198CE3062800BEEC00DAB964 /* SliderDemo.app */;
			productType = "com.apple.product-type.application";
		};
/* End PBXNativeTarget section */

/* Begin PBXProject section */
		198CE2F42800BEE700DAB964 /* Project object */ = {
			isa = PBXProject;
			attributes = {
				BuildIndependentTargetsInParallel = 1;
				LastSwiftUpdateCheck = 1330;
				LastUpgradeCheck = 1330;
				TargetAttributes = {
					198CE2FF2800BEEC00DAB964 = {
						CreatedOnToolsVersion = 13.3;
					};
					198CE3052800BEEC00DAB964 = {
						CreatedOnToolsVersion = 13.3;
					};
				};
			};
			buildConfigurationList = 198CE2F72800BEE700DAB964 /* Build configuration list for PBXProject "SliderDemo" */;
			compatibilityVersion = "Xcode 13.0";
			developmentRegion = en;
			hasScannedForEncodings = 0;
			knownRegions = (
				en,
				Base,
			);
			mainGroup = 198CE2F32800BEE700DAB964;
			productRefGroup = 198CE3012800BEEC00DAB964 /* Products */;
			projectDirPath = "";
			projectRoot = "";
			targets = (
				198CE2FF2800BEEC00DAB964 /* SliderDemo (iOS) */,
				198CE3052800BEEC00DAB964 /* SliderDemo (macOS) */,
			);
		};
/* End PBXProject section */

/* Begin PBXResourcesBuildPhase section */
		198CE2FE2800BEEC00DAB964 /* Resources */ = {
			isa = PBXResourcesBuildPhase;
			buildActionMask = 2147483647;
			files = (
				198CE30D2800BEEC00DAB964 /* Assets.xcassets in Resources */,
			);
			runOnlyForDeploymentPostprocessing = 0;
		};
		198CE3042800BEEC00DAB964 /* Resources */ = {
			isa = PBXResourcesBuildPhase;
			buildActionMask = 2147483647;
			files = (
				198CE30E2800BEEC00DAB964 /* Assets.xcassets in Resources */,
			);
			runOnlyForDeploymentPostprocessing = 0;
		};
/* End PBXResourcesBuildPhase section */

/* Begin PBXSourcesBuildPhase section */
		198CE2FC2800BEEC00DAB964 /* Sources */ = {
			isa = PBXSourcesBuildPhase;
			buildActionMask = 2147483647;
			files = (
				198CE30B2800BEEC00DAB964 /* ContentView.swift in Sources */,
				198CE31C2800C2E200DAB964 /* PageView.swift in Sources */,
				198CE3192800BFB600DAB964 /* PageModel.swift in Sources */,
				198CE3092800BEEC00DAB964 /* SliderDemoApp.swift in Sources */,
			);
			runOnlyForDeploymentPostprocessing = 0;
		};
		198CE3022800BEEC00DAB964 /* Sources */ = {
			isa = PBXSourcesBuildPhase;
			buildActionMask = 2147483647;
			files = (
				198CE30A2800BEEC00DAB964 /* SliderDemoApp.swift in Sources */,
			);
			runOnlyForDeploymentPostprocessing = 0;
		};
/* End PBXSourcesBuildPhase section */

/* Begin XCBuildConfiguration section */
		198CE30F2800BEEC00DAB964 /* Debug */ = {
			isa = XCBuildConfiguration;
			buildSettings = {
				ALWAYS_SEARCH_USER_PATHS = NO;
				CLANG_ANALYZER_NONNULL = YES;
				CLANG_ANALYZER_NUMBER_OBJECT_CONVERSION = YES_AGGRESSIVE;
				CLANG_CXX_LANGUAGE_STANDARD = "gnu++17";
				CLANG_ENABLE_MODULES = YES;
				CLANG_ENABLE_OBJC_ARC = YES;
				CLANG_ENABLE_OBJC_WEAK = YES;
				CLANG_WARN_BLOCK_CAPTURE_AUTORELEASING = YES;
				CLANG_WARN_BOOL_CONVERSION = YES;
				CLANG_WARN_COMMA = YES;
				CLANG_WARN_CONSTANT_CONVERSION = YES;
				CLANG_WARN_DEPRECATED_OBJC_IMPLEMENTATIONS = YES;
				CLANG_WARN_DIRECT_OBJC_ISA_USAGE = YES_ERROR;
				CLANG_WARN_DOCUMENTATION_COMMENTS = YES;
				CLANG_WARN_EMPTY_BODY = YES;
				CLANG_WARN_ENUM_CONVERSION = YES;
				CLANG_WARN_INFINITE_RECURSION = YES;
				CLANG_WARN_INT_CONVERSION = YES;
				CLANG_WARN_NON_LITERAL_NULL_CONVERSION = YES;
				CLANG_WARN_OBJC_IMPLICIT_RETAIN_SELF = YES;
				CLANG_WARN_OBJC_LITERAL_CONVERSION = YES;
				CLANG_WARN_OBJC_ROOT_CLASS = YES_ERROR;
				CLANG_WARN_QUOTED_INCLUDE_IN_FRAMEWORK_HEADER = YES;
				CLANG_WARN_RANGE_LOOP_ANALYSIS = YES;
				CLANG_WARN_STRICT_PROTOTYPES = YES;
				CLANG_WARN_SUSPICIOUS_MOVE = YES;
				CLANG_WARN_UNGUARDED_AVAILABILITY = YES_AGGRESSIVE;
				CLANG_WARN_UNREACHABLE_CODE = YES;
				CLANG_WARN__DUPLICATE_METHOD_MATCH = YES;
				COPY_PHASE_STRIP = NO;
				DEBUG_INFORMATION_FORMAT = dwarf;
				ENABLE_STRICT_OBJC_MSGSEND = YES;
				ENABLE_TESTABILITY = YES;
				GCC_C_LANGUAGE_STANDARD = gnu11;
				GCC_DYNAMIC_NO_PIC = NO;
				GCC_NO_COMMON_BLOCKS = YES;
				GCC_OPTIMIZATION_LEVEL = 0;
				GCC_PREPROCESSOR_DEFINITIONS = (
					"DEBUG=1",
					"$(inherited)",
				);
				GCC_WARN_64_TO_32_BIT_CONVERSION = YES;
				GCC_WARN_ABOUT_RETURN_TYPE = YES_ERROR;
				GCC_WARN_UNDECLARED_SELECTOR = YES;
				GCC_WARN_UNINITIALIZED_AUTOS = YES_AGGRESSIVE;
				GCC_WARN_UNUSED_FUNCTION = YES;
				GCC_WARN_UNUSED_VARIABLE = YES;
				MTL_ENABLE_DEBUG_INFO = INCLUDE_SOURCE;
				MTL_FAST_MATH = YES;
				ONLY_ACTIVE_ARCH = YES;
				SWIFT_ACTIVE_COMPILATION_CONDITIONS = DEBUG;
				SWIFT_OPTIMIZATION_LEVEL = "-Onone";
			};
			name = Debug;
		};
		198CE3102800BEEC00DAB964 /* Release */ = {
			isa = XCBuildConfiguration;
			buildSettings = {
				ALWAYS_SEARCH_USER_PATHS = NO;
				CLANG_ANALYZER_NONNULL = YES;
				CLANG_ANALYZER_NUMBER_OBJECT_CONVERSION = YES_AGGRESSIVE;
				CLANG_CXX_LANGUAGE_STANDARD = "gnu++17";
				CLANG_ENABLE_MODULES = YES;
				CLANG_ENABLE_OBJC_ARC = YES;
				CLANG_ENABLE_OBJC_WEAK = YES;
				CLANG_WARN_BLOCK_CAPTURE_AUTORELEASING = YES;
				CLANG_WARN_BOOL_CONVERSION = YES;
				CLANG_WARN_COMMA = YES;
				CLANG_WARN_CONSTANT_CONVERSION = YES;
				CLANG_WARN_DEPRECATED_OBJC_IMPLEMENTATIONS = YES;
				CLANG_WARN_DIRECT_OBJC_ISA_USAGE = YES_ERROR;
				CLANG_WARN_DOCUMENTATION_COMMENTS = YES;
				CLANG_WARN_EMPTY_BODY = YES;
				CLANG_WARN_ENUM_CONVERSION = YES;
				CLANG_WARN_INFINITE_RECURSION = YES;
				CLANG_WARN_INT_CONVERSION = YES;
				CLANG_WARN_NON_LITERAL_NULL_CONVERSION = YES;
				CLANG_WARN_OBJC_IMPLICIT_RETAIN_SELF = YES;
				CLANG_WARN_OBJC_LITERAL_CONVERSION = YES;
				CLANG_WARN_OBJC_ROOT_CLASS = YES_ERROR;
				CLANG_WARN_QUOTED_INCLUDE_IN_FRAMEWORK_HEADER = YES;
				CLANG_WARN_RANGE_LOOP_ANALYSIS = YES;
				CLANG_WARN_STRICT_PROTOTYPES = YES;
				CLANG_WARN_SUSPICIOUS_MOVE = YES;
				CLANG_WARN_UNGUARDED_AVAILABILITY = YES_AGGRESSIVE;
				CLANG_WARN_UNREACHABLE_CODE = YES;
				CLANG_WARN__DUPLICATE_METHOD_MATCH = YES;
				COPY_PHASE_STRIP = NO;
				DEBUG_INFORMATION_FORMAT = "dwarf-with-dsym";
				ENABLE_NS_ASSERTIONS = NO;
				ENABLE_STRICT_OBJC_MSGSEND = YES;
				GCC_C_LANGUAGE_STANDARD = gnu11;
				GCC_NO_COMMON_BLOCKS = YES;
				GCC_WARN_64_TO_32_BIT_CONVERSION = YES;
				GCC_WARN_ABOUT_RETURN_TYPE = YES_ERROR;
				GCC_WARN_UNDECLARED_SELECTOR = YES;
				GCC_WARN_UNINITIALIZED_AUTOS = YES_AGGRESSIVE;
				GCC_WARN_UNUSED_FUNCTION = YES;
				GCC_WARN_UNUSED_VARIABLE = YES;
				MTL_ENABLE_DEBUG_INFO = NO;
				MTL_FAST_MATH = YES;
				SWIFT_COMPILATION_MODE = wholemodule;
				SWIFT_OPTIMIZATION_LEVEL = "-O";
			};
			name = Release;
		};
		198CE3122800BEEC00DAB964 /* Debug */ = {
			isa = XCBuildConfiguration;
			buildSettings = {
				ASSETCATALOG_COMPILER_APPICON_NAME = AppIcon;
				ASSETCATALOG_COMPILER_GLOBAL_ACCENT_COLOR_NAME = AccentColor;
				CODE_SIGN_STYLE = Automatic;
				CURRENT_PROJECT_VERSION = 1;
				ENABLE_PREVIEWS = YES;
				GENERATE_INFOPLIST_FILE = YES;
				INFOPLIST_KEY_UIApplicationSceneManifest_Generation = YES;
				INFOPLIST_KEY_UIApplicationSupportsIndirectInputEvents = YES;
				INFOPLIST_KEY_UILaunchScreen_Generation = YES;
				INFOPLIST_KEY_UISupportedInterfaceOrientations_iPad = "UIInterfaceOrientationPortrait UIInterfaceOrientationPortraitUpsideDown UIInterfaceOrientationLandscapeLeft UIInterfaceOrientationLandscapeRight";
				INFOPLIST_KEY_UISupportedInterfaceOrientations_iPhone = "UIInterfaceOrientationPortrait UIInterfaceOrientationLandscapeLeft UIInterfaceOrientationLandscapeRight";
				IPHONEOS_DEPLOYMENT_TARGET = 15.4;
				LD_RUNPATH_SEARCH_PATHS = (
					"$(inherited)",
					"@executable_path/Frameworks",
				);
				MARKETING_VERSION = 1.0;
				PRODUCT_BUNDLE_IDENTIFIER = luchonic.SliderDemo;
				PRODUCT_NAME = SliderDemo;
				SDKROOT = iphoneos;
				SWIFT_EMIT_LOC_STRINGS = YES;
				SWIFT_VERSION = 5.0;
				TARGETED_DEVICE_FAMILY = "1,2";
			};
			name = Debug;
		};
		198CE3132800BEEC00DAB964 /* Release */ = {
			isa = XCBuildConfiguration;
			buildSettings = {
				ASSETCATALOG_COMPILER_APPICON_NAME = AppIcon;
				ASSETCATALOG_COMPILER_GLOBAL_ACCENT_COLOR_NAME = AccentColor;
				CODE_SIGN_STYLE = Automatic;
				CURRENT_PROJECT_VERSION = 1;
				ENABLE_PREVIEWS = YES;
				GENERATE_INFOPLIST_FILE = YES;
				INFOPLIST_KEY_UIApplicationSceneManifest_Generation = YES;
				INFOPLIST_KEY_UIApplicationSupportsIndirectInputEvents = YES;
				INFOPLIST_KEY_UILaunchScreen_Generation = YES;
				INFOPLIST_KEY_UISupportedInterfaceOrientations_iPad = "UIInterfaceOrientationPortrait UIInterfaceOrientationPortraitUpsideDown UIInterfaceOrientationLandscapeLeft UIInterfaceOrientationLandscapeRight";
				INFOPLIST_KEY_UISupportedInterfaceOrientations_iPhone = "UIInterfaceOrientationPortrait UIInterfaceOrientationLandscapeLeft UIInterfaceOrientationLandscapeRight";
				IPHONEOS_DEPLOYMENT_TARGET = 15.4;
				LD_RUNPATH_SEARCH_PATHS = (
					"$(inherited)",
					"@executable_path/Frameworks",
				);
				MARKETING_VERSION = 1.0;
				PRODUCT_BUNDLE_IDENTIFIER = luchonic.SliderDemo;
				PRODUCT_NAME = SliderDemo;
				SDKROOT = iphoneos;
				SWIFT_EMIT_LOC_STRINGS = YES;
				SWIFT_VERSION = 5.0;
				TARGETED_DEVICE_FAMILY = "1,2";
				VALIDATE_PRODUCT = YES;
			};
			name = Release;
		};
		198CE3152800BEEC00DAB964 /* Debug */ = {
			isa = XCBuildConfiguration;
			buildSettings = {
				ASSETCATALOG_COMPILER_APPICON_NAME = AppIcon;
				ASSETCATALOG_COMPILER_GLOBAL_ACCENT_COLOR_NAME = AccentColor;
				CODE_SIGN_ENTITLEMENTS = macOS/macOS.entitlements;
				CODE_SIGN_STYLE = Automatic;
				COMBINE_HIDPI_IMAGES = YES;
				CURRENT_PROJECT_VERSION = 1;
				ENABLE_PREVIEWS = YES;
				GENERATE_INFOPLIST_FILE = YES;
				INFOPLIST_KEY_NSHumanReadableCopyright = "";
				LD_RUNPATH_SEARCH_PATHS = (
					"$(inherited)",
					"@executable_path/../Frameworks",
				);
				MACOSX_DEPLOYMENT_TARGET = 12.2;
				MARKETING_VERSION = 1.0;
				PRODUCT_BUNDLE_IDENTIFIER = luchonic.SliderDemo;
				PRODUCT_NAME = SliderDemo;
				SDKROOT = macosx;
				SWIFT_EMIT_LOC_STRINGS = YES;
				SWIFT_VERSION = 5.0;
			};
			name = Debug;
		};
		198CE3162800BEEC00DAB964 /* Release */ = {
			isa = XCBuildConfiguration;
			buildSettings = {
				ASSETCATALOG_COMPILER_APPICON_NAME = AppIcon;
				ASSETCATALOG_COMPILER_GLOBAL_ACCENT_COLOR_NAME = AccentColor;
				CODE_SIGN_ENTITLEMENTS = macOS/macOS.entitlements;
				CODE_SIGN_STYLE = Automatic;
				COMBINE_HIDPI_IMAGES = YES;
				CURRENT_PROJECT_VERSION = 1;
				ENABLE_PREVIEWS = YES;
				GENERATE_INFOPLIST_FILE = YES;
				INFOPLIST_KEY_NSHumanReadableCopyright = "";
				LD_RUNPATH_SEARCH_PATHS = (
					"$(inherited)",
					"@executable_path/../Frameworks",
				);
				MACOSX_DEPLOYMENT_TARGET = 12.2;
				MARKETING_VERSION = 1.0;
				PRODUCT_BUNDLE_IDENTIFIER = luchonic.SliderDemo;
				PRODUCT_NAME = SliderDemo;
				SDKROOT = macosx;
				SWIFT_EMIT_LOC_STRINGS = YES;
				SWIFT_VERSION = 5.0;
			};
			name = Release;
		};
/* End XCBuildConfiguration section */

/* Begin XCConfigurationList section */
		198CE2F72800BEE700DAB964 /* Build configuration list for PBXProject "SliderDemo" */ = {
			isa = XCConfigurationList;
			buildConfigurations = (
				198CE30F2800BEEC00DAB964 /* Debug */,
				198CE3102800BEEC00DAB964 /* Release */,
			);
			defaultConfigurationIsVisible = 0;
			defaultConfigurationName = Release;
		};
		198CE3112800BEEC00DAB964 /* Build configuration list for PBXNativeTarget "SliderDemo (iOS)" */ = {
			isa = XCConfigurationList;
			buildConfigurations = (
				198CE3122800BEEC00DAB964 /* Debug */,
				198CE3132800BEEC00DAB964 /* Release */,
			);
			defaultConfigurationIsVisible = 0;
			defaultConfigurationName = Release;
		};
		198CE3142800BEEC00DAB964 /* Build configuration list for PBXNativeTarget "SliderDemo (macOS)" */ = {
			isa = XCConfigurationList;
			buildConfigurations = (
				198CE3152800BEEC00DAB964 /* Debug */,
				198CE3162800BEEC00DAB964 /* Release */,
			);
			defaultConfigurationIsVisible = 0;
			defaultConfigurationName = Release;
		};
/* End XCConfigurationList section */
	};
	rootObject = 198CE2F42800BEE700DAB964 /* Project object */;
}
